{
  "name": "react-chemin",
  "version": "1.0.0",
  "lockfileVersion": 1,
  "requires": true,
  "dependencies": {
    "ts-essentials": {
      "version": "7.0.0",
      "resolved": "https://registry.npmjs.org/ts-essentials/-/ts-essentials-7.0.0.tgz",
      "integrity": "sha512-DptrzFAwb5afnsTdKxfScHqLbVZHl7YsxvDT+iT8tbXWFGSzbXALhfWlal25HBesqlX0NZd6wz9KBGnJcWScdQ==",
      "dev": true
    },
    "typescript": {
      "version": "4.0.2",
      "resolved": "https://registry.npmjs.org/typescript/-/typescript-4.0.2.tgz",
      "integrity": "sha512-e4ERvRV2wb+rRZ/IQeb3jm2VxBsirQLpQhdxplZ2MEzGvDkkMmPglecnNDfSUBivMjP93vRbngYYDQqQ/78bcQ==",
      "dev": true
    }
  }
}
